
Microsoft Visual Studio Solution File, Format Version 12.00
# Visual Studio Version 17
VisualStudioVersion = 17.4.33110.190
MinimumVisualStudioVersion = 10.0.40219.1
Project("{FAE04EC0-301F-11D3-BF4B-00C04F79EFBC}") = "Cinema", "Cinema\Cinema.csproj", "{6F0DD045-E4D3-42EE-A623-EC8E34CB8622}"
EndProject
Global
	GlobalSection(SolutionConfigurationPlatforms) = preSolution
		Debug|Any CPU = Debug|Any CPU
		Release|Any CPU = Release|Any CPU
	EndGlobalSection
	GlobalSection(ProjectConfigurationPlatforms) = postSolution
		{6F0DD045-E4D3-42EE-A623-EC8E34CB8622}.Debug|Any CPU.ActiveCfg = Debug|Any CPU
		{6F0DD045-E4D3-42EE-A623-EC8E34CB8622}.Debug|Any CPU.Build.0 = Debug|Any CPU
		{6F0DD045-E4D3-42EE-A623-EC8E34CB8622}.Release|Any CPU.ActiveCfg = Release|Any CPU
		{6F0DD045-E4D3-42EE-A623-EC8E34CB8622}.Release|Any CPU.Build.0 = Release|Any CPU
	EndGlobalSection
	GlobalSection(SolutionProperties) = preSolution
		HideSolutionNode = FALSE
	EndGlobalSection
	GlobalSection(ExtensibilityGlobals) = postSolution
		SolutionGuid = {397BC74D-01EC-4312-B0A9-1A8A99C1BFDD}
	EndGlobalSection
EndGlobal
